
Microsoft Visual Studio Solution File, Format Version 12.00
# Visual Studio Version 16
VisualStudioVersion = 16.0.31702.278
MinimumVisualStudioVersion = 10.0.40219.1
Project("{FAE04EC0-301F-11D3-BF4B-00C04F79EFBC}") = "Eshop_Bookstore", "Eshop_Bookstore\Eshop_Bookstore.csproj", "{33A73144-19A9-43DE-A3C2-86D3F00D52CC}"
EndProject
Global
	GlobalSection(SolutionConfigurationPlatforms) = preSolution
		Debug|Any CPU = Debug|Any CPU
		Release|Any CPU = Release|Any CPU
	EndGlobalSection
	GlobalSection(ProjectConfigurationPlatforms) = postSolution
		{33A73144-19A9-43DE-A3C2-86D3F00D52CC}.Debug|Any CPU.ActiveCfg = Debug|Any CPU
		{33A73144-19A9-43DE-A3C2-86D3F00D52CC}.Debug|Any CPU.Build.0 = Debug|Any CPU
		{33A73144-19A9-43DE-A3C2-86D3F00D52CC}.Release|Any CPU.ActiveCfg = Release|Any CPU
		{33A73144-19A9-43DE-A3C2-86D3F00D52CC}.Release|Any CPU.Build.0 = Release|Any CPU
	EndGlobalSection
	GlobalSection(SolutionProperties) = preSolution
		HideSolutionNode = FALSE
	EndGlobalSection
	GlobalSection(ExtensibilityGlobals) = postSolution
		SolutionGuid = {D5D735AE-3C6C-4E0E-B020-753E9BAF1414}
	EndGlobalSection
EndGlobal
